{
  "name": "continuable-fp",
  "version": "0.0.1",
  "lockfileVersion": 2,
  "requires": true,
  "packages": {
    "": {
      "version": "0.0.1",
      "license": "ISC",
      "devDependencies": {
        "compose-function": "^3.0.3",
        "typescript": "^2.9.2"
      }
    },
    "node_modules/arity-n": {
      "version": "1.0.4",
      "resolved": "https://registry.npmjs.org/arity-n/-/arity-n-1.0.4.tgz",
      "integrity": "sha1-2edrEXM+CFacCEeuezmyhgswt0U=",
      "dev": true
    },
    "node_modules/compose-function": {
      "version": "3.0.3",
      "resolved": "https://registry.npmjs.org/compose-function/-/compose-function-3.0.3.tgz",
      "integrity": "sha1-ntZ18TzFRQHTCVCkhv9qe6OrGF8=",
      "dev": true,
      "dependencies": {
        "arity-n": "https://registry.npmjs.org/arity-n/-/arity-n-1.0.4.tgz"
      }
    },
    "node_modules/typescript": {
      "version": "2.9.2",
      "resolved": "https://registry.npmjs.org/typescript/-/typescript-2.9.2.tgz",
      "integrity": "sha512-Gr4p6nFNaoufRIY4NMdpQRNmgxVIGMs4Fcu/ujdYk3nAZqk7supzBE9idmvfZIlH/Cuj//dvi+019qEue9lV0w==",
      "dev": true,
      "bin": {
        "tsc": "bin/tsc",
        "tsserver": "bin/tsserver"
      },
      "engines": {
        "node": ">=4.2.0"
      }
    }
  },
  "dependencies": {
    "arity-n": {
      "version": "https://registry.npmjs.org/arity-n/-/arity-n-1.0.4.tgz",
      "integrity": "sha1-2edrEXM+CFacCEeuezmyhgswt0U=",
      "dev": true
    },
    "compose-function": {
      "version": "3.0.3",
      "resolved": "https://registry.npmjs.org/compose-function/-/compose-function-3.0.3.tgz",
      "integrity": "sha1-ntZ18TzFRQHTCVCkhv9qe6OrGF8=",
      "dev": true,
      "requires": {
        "arity-n": "https://registry.npmjs.org/arity-n/-/arity-n-1.0.4.tgz"
      }
    },
    "typescript": {
      "version": "2.9.2",
      "resolved": "https://registry.npmjs.org/typescript/-/typescript-2.9.2.tgz",
      "integrity": "sha512-Gr4p6nFNaoufRIY4NMdpQRNmgxVIGMs4Fcu/ujdYk3nAZqk7supzBE9idmvfZIlH/Cuj//dvi+019qEue9lV0w==",
      "dev": true
    }
  }
}
